// !$*UTF8*$!
{
	archiveVersion = 1;
	classes = {
	};
	objectVersion = 46;
	objects = {

/* Begin PBXBuildFile section */
		5480BE175BD4C10CE24B838C /* Pods_OramaTest.framework in Frameworks */ = {isa = PBXBuildFile; fileRef = 57387100F8EDCAFDECC8E2E9 /* Pods_OramaTest.framework */; };
		6984F39E1FB658EC0062C9CA /* AppDelegate.swift in Sources */ = {isa = PBXBuildFile; fileRef = 6984F39D1FB658EC0062C9CA /* AppDelegate.swift */; };
		6984F3A01FB658EC0062C9CA /* ViewController.swift in Sources */ = {isa = PBXBuildFile; fileRef = 6984F39F1FB658EC0062C9CA /* ViewController.swift */; };
		6984F3A31FB658EC0062C9CA /* Main.storyboard in Resources */ = {isa = PBXBuildFile; fileRef = 6984F3A11FB658EC0062C9CA /* Main.storyboard */; };
		6984F3A51FB658EC0062C9CA /* Assets.xcassets in Resources */ = {isa = PBXBuildFile; fileRef = 6984F3A41FB658EC0062C9CA /* Assets.xcassets */; };
		6984F3A81FB658EC0062C9CA /* LaunchScreen.storyboard in Resources */ = {isa = PBXBuildFile; fileRef = 6984F3A61FB658EC0062C9CA /* LaunchScreen.storyboard */; };
		6984F3B31FB658EC0062C9CA /* OramaTestTests.swift in Sources */ = {isa = PBXBuildFile; fileRef = 6984F3B21FB658EC0062C9CA /* OramaTestTests.swift */; };
		6984F3BE1FB658EC0062C9CA /* OramaTestUITests.swift in Sources */ = {isa = PBXBuildFile; fileRef = 6984F3BD1FB658EC0062C9CA /* OramaTestUITests.swift */; };
		6984F3E31FB9F9120062C9CA /* history.ico in Resources */ = {isa = PBXBuildFile; fileRef = 6984F3E21FB9F9120062C9CA /* history.ico */; };
		6984F3E51FBA01D30062C9CA /* fundListCell.swift in Sources */ = {isa = PBXBuildFile; fileRef = 6984F3E41FBA01D30062C9CA /* fundListCell.swift */; };
		6984F3E71FBA080F0062C9CA /* Fund.swift in Sources */ = {isa = PBXBuildFile; fileRef = 6984F3E61FBA080F0062C9CA /* Fund.swift */; };
		6984F3EA1FBA19D60062C9CA /* FundDetail.swift in Sources */ = {isa = PBXBuildFile; fileRef = 6984F3E91FBA19D60062C9CA /* FundDetail.swift */; };
		6984F3F11FBA1CF30062C9CA /* FoundDetailViewController.swift in Sources */ = {isa = PBXBuildFile; fileRef = 6984F3F01FBA1CF30062C9CA /* FoundDetailViewController.swift */; };
		6984F3F31FBA25480062C9CA /* back.png in Resources */ = {isa = PBXBuildFile; fileRef = 6984F3F21FBA25480062C9CA /* back.png */; };
		6984F3F81FBA35CA0062C9CA /* HistoricViewController.swift in Sources */ = {isa = PBXBuildFile; fileRef = 6984F3F71FBA35CA0062C9CA /* HistoricViewController.swift */; };
		6984F3FA1FBA3AA80062C9CA /* HistoricListCell.swift in Sources */ = {isa = PBXBuildFile; fileRef = 6984F3F91FBA3AA80062C9CA /* HistoricListCell.swift */; };
		6984F3FE1FBA40030062C9CA /* PasswordViewController.swift in Sources */ = {isa = PBXBuildFile; fileRef = 6984F3FD1FBA40030062C9CA /* PasswordViewController.swift */; };
		6984F4001FBA43A20062C9CA /* close.png in Resources */ = {isa = PBXBuildFile; fileRef = 6984F3FF1FBA43A20062C9CA /* close.png */; };
		6984F4031FBA51BF0062C9CA /* Alert.swift in Sources */ = {isa = PBXBuildFile; fileRef = 6984F4021FBA51BF0062C9CA /* Alert.swift */; };
		6984F4051FBA528A0062C9CA /* BuyPurchaseDelegate.swift in Sources */ = {isa = PBXBuildFile; fileRef = 6984F4041FBA528A0062C9CA /* BuyPurchaseDelegate.swift */; };
		6984F4071FBA5DB70062C9CA /* Dao.swift in Sources */ = {isa = PBXBuildFile; fileRef = 6984F4061FBA5DB70062C9CA /* Dao.swift */; };
		6984F40A1FBA84810062C9CA /* Constants.swift in Sources */ = {isa = PBXBuildFile; fileRef = 6984F4091FBA84810062C9CA /* Constants.swift */; };
		6984F40C1FBA84D70062C9CA /* API.swift in Sources */ = {isa = PBXBuildFile; fileRef = 6984F40B1FBA84D70062C9CA /* API.swift */; };
		69A1D7B31FBAE8D400DE1E90 /* Transitions.swift in Sources */ = {isa = PBXBuildFile; fileRef = 69A1D7B21FBAE8D400DE1E90 /* Transitions.swift */; };
		69A1D7B51FBB711300DE1E90 /* OverlayView.swift in Sources */ = {isa = PBXBuildFile; fileRef = 69A1D7B41FBB711300DE1E90 /* OverlayView.swift */; };
/* End PBXBuildFile section */

/* Begin PBXContainerItemProxy section */
		6984F3AF1FB658EC0062C9CA /* PBXContainerItemProxy */ = {
			isa = PBXContainerItemProxy;
			containerPortal = 6984F3921FB658EC0062C9CA /* Project object */;
			proxyType = 1;
			remoteGlobalIDString = 6984F3991FB658EC0062C9CA;
			remoteInfo = OramaTest;
		};
		6984F3BA1FB658EC0062C9CA /* PBXContainerItemProxy */ = {
			isa = PBXContainerItemProxy;
			containerPortal = 6984F3921FB658EC0062C9CA /* Project object */;
			proxyType = 1;
			remoteGlobalIDString = 6984F3991FB658EC0062C9CA;
			remoteInfo = OramaTest;
		};
/* End PBXContainerItemProxy section */

/* Begin PBXFileReference section */
		57387100F8EDCAFDECC8E2E9 /* Pods_OramaTest.framework */ = {isa = PBXFileReference; explicitFileType = wrapper.framework; includeInIndex = 0; path = Pods_OramaTest.framework; sourceTree = BUILT_PRODUCTS_DIR; };
		6984F39A1FB658EC0062C9CA /* OramaTest.app */ = {isa = PBXFileReference; explicitFileType = wrapper.application; includeInIndex = 0; path = OramaTest.app; sourceTree = BUILT_PRODUCTS_DIR; };
		6984F39D1FB658EC0062C9CA /* AppDelegate.swift */ = {isa = PBXFileReference; lastKnownFileType = sourcecode.swift; path = AppDelegate.swift; sourceTree = "<group>"; };
		6984F39F1FB658EC0062C9CA /* ViewController.swift */ = {isa = PBXFileReference; lastKnownFileType = sourcecode.swift; path = ViewController.swift; sourceTree = "<group>"; };
		6984F3A21FB658EC0062C9CA /* Base */ = {isa = PBXFileReference; lastKnownFileType = file.storyboard; name = Base; path = Base.lproj/Main.storyboard; sourceTree = "<group>"; };
		6984F3A41FB658EC0062C9CA /* Assets.xcassets */ = {isa = PBXFileReference; lastKnownFileType = folder.assetcatalog; path = Assets.xcassets; sourceTree = "<group>"; };
		6984F3A71FB658EC0062C9CA /* Base */ = {isa = PBXFileReference; lastKnownFileType = file.storyboard; name = Base; path = Base.lproj/LaunchScreen.storyboard; sourceTree = "<group>"; };
		6984F3A91FB658EC0062C9CA /* Info.plist */ = {isa = PBXFileReference; lastKnownFileType = text.plist.xml; path = Info.plist; sourceTree = "<group>"; };
		6984F3AE1FB658EC0062C9CA /* OramaTestTests.xctest */ = {isa = PBXFileReference; explicitFileType = wrapper.cfbundle; includeInIndex = 0; path = OramaTestTests.xctest; sourceTree = BUILT_PRODUCTS_DIR; };
		6984F3B21FB658EC0062C9CA /* OramaTestTests.swift */ = {isa = PBXFileReference; lastKnownFileType = sourcecode.swift; path = OramaTestTests.swift; sourceTree = "<group>"; };
		6984F3B41FB658EC0062C9CA /* Info.plist */ = {isa = PBXFileReference; lastKnownFileType = text.plist.xml; path = Info.plist; sourceTree = "<group>"; };
		6984F3B91FB658EC0062C9CA /* OramaTestUITests.xctest */ = {isa = PBXFileReference; explicitFileType = wrapper.cfbundle; includeInIndex = 0; path = OramaTestUITests.xctest; sourceTree = BUILT_PRODUCTS_DIR; };
		6984F3BD1FB658EC0062C9CA /* OramaTestUITests.swift */ = {isa = PBXFileReference; lastKnownFileType = sourcecode.swift; path = OramaTestUITests.swift; sourceTree = "<group>"; };
		6984F3BF1FB658EC0062C9CA /* Info.plist */ = {isa = PBXFileReference; lastKnownFileType = text.plist.xml; path = Info.plist; sourceTree = "<group>"; };
		6984F3E21FB9F9120062C9CA /* history.ico */ = {isa = PBXFileReference; lastKnownFileType = image.ico; path = history.ico; sourceTree = "<group>"; };
		6984F3E41FBA01D30062C9CA /* fundListCell.swift */ = {isa = PBXFileReference; fileEncoding = 4; lastKnownFileType = sourcecode.swift; path = fundListCell.swift; sourceTree = "<group>"; };
		6984F3E61FBA080F0062C9CA /* Fund.swift */ = {isa = PBXFileReference; fileEncoding = 4; lastKnownFileType = sourcecode.swift; path = Fund.swift; sourceTree = "<group>"; };
		6984F3E91FBA19D60062C9CA /* FundDetail.swift */ = {isa = PBXFileReference; fileEncoding = 4; lastKnownFileType = sourcecode.swift; path = FundDetail.swift; sourceTree = "<group>"; };
		6984F3F01FBA1CF30062C9CA /* FoundDetailViewController.swift */ = {isa = PBXFileReference; fileEncoding = 4; lastKnownFileType = sourcecode.swift; path = FoundDetailViewController.swift; sourceTree = "<group>"; };
		6984F3F21FBA25480062C9CA /* back.png */ = {isa = PBXFileReference; lastKnownFileType = image.png; path = back.png; sourceTree = "<group>"; };
		6984F3F71FBA35CA0062C9CA /* HistoricViewController.swift */ = {isa = PBXFileReference; fileEncoding = 4; lastKnownFileType = sourcecode.swift; path = HistoricViewController.swift; sourceTree = "<group>"; };
		6984F3F91FBA3AA80062C9CA /* HistoricListCell.swift */ = {isa = PBXFileReference; fileEncoding = 4; lastKnownFileType = sourcecode.swift; path = HistoricListCell.swift; sourceTree = "<group>"; };
		6984F3FD1FBA40030062C9CA /* PasswordViewController.swift */ = {isa = PBXFileReference; fileEncoding = 4; lastKnownFileType = sourcecode.swift; path = PasswordViewController.swift; sourceTree = "<group>"; };
		6984F3FF1FBA43A20062C9CA /* close.png */ = {isa = PBXFileReference; lastKnownFileType = image.png; path = close.png; sourceTree = "<group>"; };
		6984F4021FBA51BF0062C9CA /* Alert.swift */ = {isa = PBXFileReference; fileEncoding = 4; lastKnownFileType = sourcecode.swift; path = Alert.swift; sourceTree = "<group>"; };
		6984F4041FBA528A0062C9CA /* BuyPurchaseDelegate.swift */ = {isa = PBXFileReference; fileEncoding = 4; lastKnownFileType = sourcecode.swift; path = BuyPurchaseDelegate.swift; sourceTree = "<group>"; };
		6984F4061FBA5DB70062C9CA /* Dao.swift */ = {isa = PBXFileReference; fileEncoding = 4; lastKnownFileType = sourcecode.swift; path = Dao.swift; sourceTree = "<group>"; };
		6984F4091FBA84810062C9CA /* Constants.swift */ = {isa = PBXFileReference; fileEncoding = 4; lastKnownFileType = sourcecode.swift; path = Constants.swift; sourceTree = "<group>"; };
		6984F40B1FBA84D70062C9CA /* API.swift */ = {isa = PBXFileReference; fileEncoding = 4; lastKnownFileType = sourcecode.swift; path = API.swift; sourceTree = "<group>"; };
		69A1D7B21FBAE8D400DE1E90 /* Transitions.swift */ = {isa = PBXFileReference; fileEncoding = 4; lastKnownFileType = sourcecode.swift; path = Transitions.swift; sourceTree = "<group>"; };
		69A1D7B41FBB711300DE1E90 /* OverlayView.swift */ = {isa = PBXFileReference; fileEncoding = 4; lastKnownFileType = sourcecode.swift; path = OverlayView.swift; sourceTree = "<group>"; };
		A121BFC7883C2A70760FFE0D /* Pods-OramaTest.release.xcconfig */ = {isa = PBXFileReference; includeInIndex = 1; lastKnownFileType = text.xcconfig; name = "Pods-OramaTest.release.xcconfig"; path = "Pods/Target Support Files/Pods-OramaTest/Pods-OramaTest.release.xcconfig"; sourceTree = "<group>"; };
		C7F43E525A56D14ED8ECAB12 /* Pods-OramaTest.debug.xcconfig */ = {isa = PBXFileReference; includeInIndex = 1; lastKnownFileType = text.xcconfig; name = "Pods-OramaTest.debug.xcconfig"; path = "Pods/Target Support Files/Pods-OramaTest/Pods-OramaTest.debug.xcconfig"; sourceTree = "<group>"; };
/* End PBXFileReference section */

/* Begin PBXFrameworksBuildPhase section */
		6984F3971FB658EC0062C9CA /* Frameworks */ = {
			isa = PBXFrameworksBuildPhase;
			buildActionMask = 2147483647;
			files = (
				5480BE175BD4C10CE24B838C /* Pods_OramaTest.framework in Frameworks */,
			);
			runOnlyForDeploymentPostprocessing = 0;
		};
		6984F3AB1FB658EC0062C9CA /* Frameworks */ = {
			isa = PBXFrameworksBuildPhase;
			buildActionMask = 2147483647;
			files = (
			);
			runOnlyForDeploymentPostprocessing = 0;
		};
		6984F3B61FB658EC0062C9CA /* Frameworks */ = {
			isa = PBXFrameworksBuildPhase;
			buildActionMask = 2147483647;
			files = (
			);
			runOnlyForDeploymentPostprocessing = 0;
		};
/* End PBXFrameworksBuildPhase section */

/* Begin PBXGroup section */
		62136B8E1D92F0CDA518EC6B /* Pods */ = {
			isa = PBXGroup;
			children = (
				C7F43E525A56D14ED8ECAB12 /* Pods-OramaTest.debug.xcconfig */,
				A121BFC7883C2A70760FFE0D /* Pods-OramaTest.release.xcconfig */,
			);
			name = Pods;
			sourceTree = "<group>";
		};
		6984F3911FB658EC0062C9CA = {
			isa = PBXGroup;
			children = (
				6984F39C1FB658EC0062C9CA /* OramaTest */,
				6984F3B11FB658EC0062C9CA /* OramaTestTests */,
				6984F3BC1FB658EC0062C9CA /* OramaTestUITests */,
				6984F39B1FB658EC0062C9CA /* Products */,
				62136B8E1D92F0CDA518EC6B /* Pods */,
				A6AB0EBEA0F2EE1A661B522C /* Frameworks */,
			);
			sourceTree = "<group>";
		};
		6984F39B1FB658EC0062C9CA /* Products */ = {
			isa = PBXGroup;
			children = (
				6984F39A1FB658EC0062C9CA /* OramaTest.app */,
				6984F3AE1FB658EC0062C9CA /* OramaTestTests.xctest */,
				6984F3B91FB658EC0062C9CA /* OramaTestUITests.xctest */,
			);
			name = Products;
			sourceTree = "<group>";
		};
		6984F39C1FB658EC0062C9CA /* OramaTest */ = {
			isa = PBXGroup;
			children = (
				6984F39D1FB658EC0062C9CA /* AppDelegate.swift */,
				69A1D7B11FBAE89A00DE1E90 /* Transitions */,
				6984F4081FBA84510062C9CA /* Help */,
				6984F4011FBA51A30062C9CA /* Controllers */,
				6984F3E81FBA19BA0062C9CA /* Models */,
				6984F3FB1FBA3FC40062C9CA /* Login */,
				6984F3EE1FBA1C6D0062C9CA /* Home */,
				6984F3EF1FBA1CC40062C9CA /* Detail */,
				6984F3F51FBA35770062C9CA /* Historic */,
				6984F3E11FB9F9010062C9CA /* Images */,
				6984F3A11FB658EC0062C9CA /* Main.storyboard */,
				6984F3A41FB658EC0062C9CA /* Assets.xcassets */,
				6984F3A61FB658EC0062C9CA /* LaunchScreen.storyboard */,
				6984F3A91FB658EC0062C9CA /* Info.plist */,
			);
			path = OramaTest;
			sourceTree = "<group>";
		};
		6984F3B11FB658EC0062C9CA /* OramaTestTests */ = {
			isa = PBXGroup;
			children = (
				6984F3B21FB658EC0062C9CA /* OramaTestTests.swift */,
				6984F3B41FB658EC0062C9CA /* Info.plist */,
			);
			path = OramaTestTests;
			sourceTree = "<group>";
		};
		6984F3BC1FB658EC0062C9CA /* OramaTestUITests */ = {
			isa = PBXGroup;
			children = (
				6984F3BD1FB658EC0062C9CA /* OramaTestUITests.swift */,
				6984F3BF1FB658EC0062C9CA /* Info.plist */,
			);
			path = OramaTestUITests;
			sourceTree = "<group>";
		};
		6984F3E11FB9F9010062C9CA /* Images */ = {
			isa = PBXGroup;
			children = (
				6984F3E21FB9F9120062C9CA /* history.ico */,
				6984F3F21FBA25480062C9CA /* back.png */,
				6984F3FF1FBA43A20062C9CA /* close.png */,
			);
			name = Images;
			sourceTree = "<group>";
		};
		6984F3E81FBA19BA0062C9CA /* Models */ = {
			isa = PBXGroup;
			children = (
				6984F3E61FBA080F0062C9CA /* Fund.swift */,
				6984F3E91FBA19D60062C9CA /* FundDetail.swift */,
				6984F4041FBA528A0062C9CA /* BuyPurchaseDelegate.swift */,
				6984F4061FBA5DB70062C9CA /* Dao.swift */,
				69A1D7B41FBB711300DE1E90 /* OverlayView.swift */,
			);
			name = Models;
			sourceTree = "<group>";
		};
		6984F3EB1FBA1C030062C9CA /* View */ = {
			isa = PBXGroup;
			children = (
				6984F39F1FB658EC0062C9CA /* ViewController.swift */,
				6984F3EC1FBA1C160062C9CA /* Cell */,
			);
			name = View;
			sourceTree = "<group>";
		};
		6984F3EC1FBA1C160062C9CA /* Cell */ = {
			isa = PBXGroup;
			children = (
				6984F3E41FBA01D30062C9CA /* fundListCell.swift */,
			);
			name = Cell;
			sourceTree = "<group>";
		};
		6984F3EE1FBA1C6D0062C9CA /* Home */ = {
			isa = PBXGroup;
			children = (
				6984F3EB1FBA1C030062C9CA /* View */,
			);
			name = Home;
			sourceTree = "<group>";
		};
		6984F3EF1FBA1CC40062C9CA /* Detail */ = {
			isa = PBXGroup;
			children = (
				6984F3F41FBA32AF0062C9CA /* View */,
			);
			name = Detail;
			sourceTree = "<group>";
		};
		6984F3F41FBA32AF0062C9CA /* View */ = {
			isa = PBXGroup;
			children = (
				6984F3F01FBA1CF30062C9CA /* FoundDetailViewController.swift */,
			);
			name = View;
			sourceTree = "<group>";
		};
		6984F3F51FBA35770062C9CA /* Historic */ = {
			isa = PBXGroup;
			children = (
				6984F3F61FBA35B00062C9CA /* View */,
			);
			name = Historic;
			sourceTree = "<group>";
		};
		6984F3F61FBA35B00062C9CA /* View */ = {
			isa = PBXGroup;
			children = (
				6984F3F71FBA35CA0062C9CA /* HistoricViewController.swift */,
				69A1D7B61FBB7F6C00DE1E90 /* Cell */,
			);
			name = View;
			sourceTree = "<group>";
		};
		6984F3FB1FBA3FC40062C9CA /* Login */ = {
			isa = PBXGroup;
			children = (
				6984F3FC1FBA3FE30062C9CA /* View */,
			);
			name = Login;
			sourceTree = "<group>";
		};
		6984F3FC1FBA3FE30062C9CA /* View */ = {
			isa = PBXGroup;
			children = (
				6984F3FD1FBA40030062C9CA /* PasswordViewController.swift */,
			);
			name = View;
			sourceTree = "<group>";
		};
		6984F4011FBA51A30062C9CA /* Controllers */ = {
			isa = PBXGroup;
			children = (
				6984F4021FBA51BF0062C9CA /* Alert.swift */,
			);
			name = Controllers;
			sourceTree = "<group>";
		};
		6984F4081FBA84510062C9CA /* Help */ = {
			isa = PBXGroup;
			children = (
				6984F4091FBA84810062C9CA /* Constants.swift */,
				6984F40B1FBA84D70062C9CA /* API.swift */,
			);
			name = Help;
			sourceTree = "<group>";
		};
		69A1D7B11FBAE89A00DE1E90 /* Transitions */ = {
			isa = PBXGroup;
			children = (
				69A1D7B21FBAE8D400DE1E90 /* Transitions.swift */,
			);
			name = Transitions;
			sourceTree = "<group>";
		};
		69A1D7B61FBB7F6C00DE1E90 /* Cell */ = {
			isa = PBXGroup;
			children = (
				6984F3F91FBA3AA80062C9CA /* HistoricListCell.swift */,
			);
			name = Cell;
			sourceTree = "<group>";
		};
		A6AB0EBEA0F2EE1A661B522C /* Frameworks */ = {
			isa = PBXGroup;
			children = (
				57387100F8EDCAFDECC8E2E9 /* Pods_OramaTest.framework */,
			);
			name = Frameworks;
			sourceTree = "<group>";
		};
/* End PBXGroup section */

/* Begin PBXNativeTarget section */
		6984F3991FB658EC0062C9CA /* OramaTest */ = {
			isa = PBXNativeTarget;
			buildConfigurationList = 6984F3C21FB658EC0062C9CA /* Build configuration list for PBXNativeTarget "OramaTest" */;
			buildPhases = (
				CA86CBFA441051485CB82FB2 /* 📦 Check Pods Manifest.lock */,
				6984F3961FB658EC0062C9CA /* Sources */,
				6984F3971FB658EC0062C9CA /* Frameworks */,
				6984F3981FB658EC0062C9CA /* Resources */,
				AB415392363B866744041E52 /* 📦 Embed Pods Frameworks */,
				3597AFF81CAF8E38CC8AC2EF /* 📦 Copy Pods Resources */,
			);
			buildRules = (
			);
			dependencies = (
			);
			name = OramaTest;
			productName = OramaTest;
			productReference = 6984F39A1FB658EC0062C9CA /* OramaTest.app */;
			productType = "com.apple.product-type.application";
		};
		6984F3AD1FB658EC0062C9CA /* OramaTestTests */ = {
			isa = PBXNativeTarget;
			buildConfigurationList = 6984F3C51FB658EC0062C9CA /* Build configuration list for PBXNativeTarget "OramaTestTests" */;
			buildPhases = (
				6984F3AA1FB658EC0062C9CA /* Sources */,
				6984F3AB1FB658EC0062C9CA /* Frameworks */,
				6984F3AC1FB658EC0062C9CA /* Resources */,
			);
			buildRules = (
			);
			dependencies = (
				6984F3B01FB658EC0062C9CA /* PBXTargetDependency */,
			);
			name = OramaTestTests;
			productName = OramaTestTests;
			productReference = 6984F3AE1FB658EC0062C9CA /* OramaTestTests.xctest */;
			productType = "com.apple.product-type.bundle.unit-test";
		};
		6984F3B81FB658EC0062C9CA /* OramaTestUITests */ = {
			isa = PBXNativeTarget;
			buildConfigurationList = 6984F3C81FB658EC0062C9CA /* Build configuration list for PBXNativeTarget "OramaTestUITests" */;
			buildPhases = (
				6984F3B51FB658EC0062C9CA /* Sources */,
				6984F3B61FB658EC0062C9CA /* Frameworks */,
				6984F3B71FB658EC0062C9CA /* Resources */,
			);
			buildRules = (
			);
			dependencies = (
				6984F3BB1FB658EC0062C9CA /* PBXTargetDependency */,
			);
			name = OramaTestUITests;
			productName = OramaTestUITests;
			productReference = 6984F3B91FB658EC0062C9CA /* OramaTestUITests.xctest */;
			productType = "com.apple.product-type.bundle.ui-testing";
		};
/* End PBXNativeTarget section */

/* Begin PBXProject section */
		6984F3921FB658EC0062C9CA /* Project object */ = {
			isa = PBXProject;
			attributes = {
				LastSwiftUpdateCheck = 0830;
				LastUpgradeCheck = 0830;
				ORGANIZATIONNAME = "Luis Felipe Tapajos";
				TargetAttributes = {
					6984F3991FB658EC0062C9CA = {
						CreatedOnToolsVersion = 8.3.2;
						DevelopmentTeam = WKFLY4V8UQ;
						ProvisioningStyle = Automatic;
					};
					6984F3AD1FB658EC0062C9CA = {
						CreatedOnToolsVersion = 8.3.2;
						DevelopmentTeam = WKFLY4V8UQ;
						ProvisioningStyle = Automatic;
						TestTargetID = 6984F3991FB658EC0062C9CA;
					};
					6984F3B81FB658EC0062C9CA = {
						CreatedOnToolsVersion = 8.3.2;
						DevelopmentTeam = WKFLY4V8UQ;
						ProvisioningStyle = Automatic;
						TestTargetID = 6984F3991FB658EC0062C9CA;
					};
				};
			};
			buildConfigurationList = 6984F3951FB658EC0062C9CA /* Build configuration list for PBXProject "OramaTest" */;
			compatibilityVersion = "Xcode 3.2";
			developmentRegion = English;
			hasScannedForEncodings = 0;
			knownRegions = (
				en,
				Base,
			);
			mainGroup = 6984F3911FB658EC0062C9CA;
			productRefGroup = 6984F39B1FB658EC0062C9CA /* Products */;
			projectDirPath = "";
			projectRoot = "";
			targets = (
				6984F3991FB658EC0062C9CA /* OramaTest */,
				6984F3AD1FB658EC0062C9CA /* OramaTestTests */,
				6984F3B81FB658EC0062C9CA /* OramaTestUITests */,
			);
		};
/* End PBXProject section */

/* Begin PBXResourcesBuildPhase section */
		6984F3981FB658EC0062C9CA /* Resources */ = {
			isa = PBXResourcesBuildPhase;
			buildActionMask = 2147483647;
			files = (
				6984F4001FBA43A20062C9CA /* close.png in Resources */,
				6984F3A81FB658EC0062C9CA /* LaunchScreen.storyboard in Resources */,
				6984F3F31FBA25480062C9CA /* back.png in Resources */,
				6984F3A51FB658EC0062C9CA /* Assets.xcassets in Resources */,
				6984F3E31FB9F9120062C9CA /* history.ico in Resources */,
				6984F3A31FB658EC0062C9CA /* Main.storyboard in Resources */,
			);
			runOnlyForDeploymentPostprocessing = 0;
		};
		6984F3AC1FB658EC0062C9CA /* Resources */ = {
			isa = PBXResourcesBuildPhase;
			buildActionMask = 2147483647;
			files = (
			);
			runOnlyForDeploymentPostprocessing = 0;
		};
		6984F3B71FB658EC0062C9CA /* Resources */ = {
			isa = PBXResourcesBuildPhase;
			buildActionMask = 2147483647;
			files = (
			);
			runOnlyForDeploymentPostprocessing = 0;
		};
/* End PBXResourcesBuildPhase section */

/* Begin PBXShellScriptBuildPhase section */
		3597AFF81CAF8E38CC8AC2EF /* 📦 Copy Pods Resources */ = {
			isa = PBXShellScriptBuildPhase;
			buildActionMask = 2147483647;
			files = (
			);
			inputPaths = (
			);
			name = "📦 Copy Pods Resources";
			outputPaths = (
			);
			runOnlyForDeploymentPostprocessing = 0;
			shellPath = /bin/sh;
			shellScript = "\"${SRCROOT}/Pods/Target Support Files/Pods-OramaTest/Pods-OramaTest-resources.sh\"\n";
			showEnvVarsInLog = 0;
		};
		AB415392363B866744041E52 /* 📦 Embed Pods Frameworks */ = {
			isa = PBXShellScriptBuildPhase;
			buildActionMask = 2147483647;
			files = (
			);
			inputPaths = (
			);
			name = "📦 Embed Pods Frameworks";
			outputPaths = (
			);
			runOnlyForDeploymentPostprocessing = 0;
			shellPath = /bin/sh;
			shellScript = "\"${SRCROOT}/Pods/Target Support Files/Pods-OramaTest/Pods-OramaTest-frameworks.sh\"\n";
			showEnvVarsInLog = 0;
		};
		CA86CBFA441051485CB82FB2 /* 📦 Check Pods Manifest.lock */ = {
			isa = PBXShellScriptBuildPhase;
			buildActionMask = 2147483647;
			files = (
			);
			inputPaths = (
			);
			name = "📦 Check Pods Manifest.lock";
			outputPaths = (
			);
			runOnlyForDeploymentPostprocessing = 0;
			shellPath = /bin/sh;
			shellScript = "diff \"${PODS_ROOT}/../Podfile.lock\" \"${PODS_ROOT}/Manifest.lock\" > /dev/null\nif [[ $? != 0 ]] ; then\n    cat << EOM\nerror: The sandbox is not in sync with the Podfile.lock. Run 'pod install' or update your CocoaPods installation.\nEOM\n    exit 1\nfi\n";
			showEnvVarsInLog = 0;
		};
/* End PBXShellScriptBuildPhase section */

/* Begin PBXSourcesBuildPhase section */
		6984F3961FB658EC0062C9CA /* Sources */ = {
			isa = PBXSourcesBuildPhase;
			buildActionMask = 2147483647;
			files = (
				6984F3A01FB658EC0062C9CA /* ViewController.swift in Sources */,
				6984F3E51FBA01D30062C9CA /* fundListCell.swift in Sources */,
				6984F4051FBA528A0062C9CA /* BuyPurchaseDelegate.swift in Sources */,
				6984F3FA1FBA3AA80062C9CA /* HistoricListCell.swift in Sources */,
				6984F3F11FBA1CF30062C9CA /* FoundDetailViewController.swift in Sources */,
				6984F3E71FBA080F0062C9CA /* Fund.swift in Sources */,
				69A1D7B31FBAE8D400DE1E90 /* Transitions.swift in Sources */,
				6984F40C1FBA84D70062C9CA /* API.swift in Sources */,
				6984F3EA1FBA19D60062C9CA /* FundDetail.swift in Sources */,
				69A1D7B51FBB711300DE1E90 /* OverlayView.swift in Sources */,
				6984F40A1FBA84810062C9CA /* Constants.swift in Sources */,
				6984F39E1FB658EC0062C9CA /* AppDelegate.swift in Sources */,
				6984F4071FBA5DB70062C9CA /* Dao.swift in Sources */,
				6984F3F81FBA35CA0062C9CA /* HistoricViewController.swift in Sources */,
				6984F4031FBA51BF0062C9CA /* Alert.swift in Sources */,
				6984F3FE1FBA40030062C9CA /* PasswordViewController.swift in Sources */,
			);
			runOnlyForDeploymentPostprocessing = 0;
		};
		6984F3AA1FB658EC0062C9CA /* Sources */ = {
			isa = PBXSourcesBuildPhase;
			buildActionMask = 2147483647;
			files = (
				6984F3B31FB658EC0062C9CA /* OramaTestTests.swift in Sources */,
			);
			runOnlyForDeploymentPostprocessing = 0;
		};
		6984F3B51FB658EC0062C9CA /* Sources */ = {
			isa = PBXSourcesBuildPhase;
			buildActionMask = 2147483647;
			files = (
				6984F3BE1FB658EC0062C9CA /* OramaTestUITests.swift in Sources */,
			);
			runOnlyForDeploymentPostprocessing = 0;
		};
/* End PBXSourcesBuildPhase section */

/* Begin PBXTargetDependency section */
		6984F3B01FB658EC0062C9CA /* PBXTargetDependency */ = {
			isa = PBXTargetDependency;
			target = 6984F3991FB658EC0062C9CA /* OramaTest */;
			targetProxy = 6984F3AF1FB658EC0062C9CA /* PBXContainerItemProxy */;
		};
		6984F3BB1FB658EC0062C9CA /* PBXTargetDependency */ = {
			isa = PBXTargetDependency;
			target = 6984F3991FB658EC0062C9CA /* OramaTest */;
			targetProxy = 6984F3BA1FB658EC0062C9CA /* PBXContainerItemProxy */;
		};
/* End PBXTargetDependency section */

/* Begin PBXVariantGroup section */
		6984F3A11FB658EC0062C9CA /* Main.storyboard */ = {
			isa = PBXVariantGroup;
			children = (
				6984F3A21FB658EC0062C9CA /* Base */,
			);
			name = Main.storyboard;
			sourceTree = "<group>";
		};
		6984F3A61FB658EC0062C9CA /* LaunchScreen.storyboard */ = {
			isa = PBXVariantGroup;
			children = (
				6984F3A71FB658EC0062C9CA /* Base */,
			);
			name = LaunchScreen.storyboard;
			sourceTree = "<group>";
		};
/* End PBXVariantGroup section */

/* Begin XCBuildConfiguration section */
		6984F3C01FB658EC0062C9CA /* Debug */ = {
			isa = XCBuildConfiguration;
			buildSettings = {
				ALWAYS_SEARCH_USER_PATHS = NO;
				CLANG_ANALYZER_NONNULL = YES;
				CLANG_ANALYZER_NUMBER_OBJECT_CONVERSION = YES_AGGRESSIVE;
				CLANG_CXX_LANGUAGE_STANDARD = "gnu++0x";
				CLANG_CXX_LIBRARY = "libc++";
				CLANG_ENABLE_MODULES = YES;
				CLANG_ENABLE_OBJC_ARC = YES;
				CLANG_WARN_BOOL_CONVERSION = YES;
				CLANG_WARN_CONSTANT_CONVERSION = YES;
				CLANG_WARN_DIRECT_OBJC_ISA_USAGE = YES_ERROR;
				CLANG_WARN_DOCUMENTATION_COMMENTS = YES;
				CLANG_WARN_EMPTY_BODY = YES;
				CLANG_WARN_ENUM_CONVERSION = YES;
				CLANG_WARN_INFINITE_RECURSION = YES;
				CLANG_WARN_INT_CONVERSION = YES;
				CLANG_WARN_OBJC_ROOT_CLASS = YES_ERROR;
				CLANG_WARN_SUSPICIOUS_MOVE = YES;
				CLANG_WARN_UNREACHABLE_CODE = YES;
				CLANG_WARN__DUPLICATE_METHOD_MATCH = YES;
				"CODE_SIGN_IDENTITY[sdk=iphoneos*]" = "iPhone Developer";
				COPY_PHASE_STRIP = NO;
				DEBUG_INFORMATION_FORMAT = dwarf;
				ENABLE_STRICT_OBJC_MSGSEND = YES;
				ENABLE_TESTABILITY = YES;
				GCC_C_LANGUAGE_STANDARD = gnu99;
				GCC_DYNAMIC_NO_PIC = NO;
				GCC_NO_COMMON_BLOCKS = YES;
				GCC_OPTIMIZATION_LEVEL = 0;
				GCC_PREPROCESSOR_DEFINITIONS = (
					"DEBUG=1",
					"$(inherited)",
				);
				GCC_WARN_64_TO_32_BIT_CONVERSION = YES;
				GCC_WARN_ABOUT_RETURN_TYPE = YES_ERROR;
				GCC_WARN_UNDECLARED_SELECTOR = YES;
				GCC_WARN_UNINITIALIZED_AUTOS = YES_AGGRESSIVE;
				GCC_WARN_UNUSED_FUNCTION = YES;
				GCC_WARN_UNUSED_VARIABLE = YES;
				IPHONEOS_DEPLOYMENT_TARGET = 10.3;
				MTL_ENABLE_DEBUG_INFO = YES;
				ONLY_ACTIVE_ARCH = YES;
				SDKROOT = iphoneos;
				SWIFT_ACTIVE_COMPILATION_CONDITIONS = DEBUG;
				SWIFT_OPTIMIZATION_LEVEL = "-Onone";
				SWIFT_VERSION = "";
			};
			name = Debug;
		};
		6984F3C11FB658EC0062C9CA /* Release */ = {
			isa = XCBuildConfiguration;
			buildSettings = {
				ALWAYS_SEARCH_USER_PATHS = NO;
				CLANG_ANALYZER_NONNULL = YES;
				CLANG_ANALYZER_NUMBER_OBJECT_CONVERSION = YES_AGGRESSIVE;
				CLANG_CXX_LANGUAGE_STANDARD = "gnu++0x";
				CLANG_CXX_LIBRARY = "libc++";
				CLANG_ENABLE_MODULES = YES;
				CLANG_ENABLE_OBJC_ARC = YES;
				CLANG_WARN_BOOL_CONVERSION = YES;
				CLANG_WARN_CONSTANT_CONVERSION = YES;
				CLANG_WARN_DIRECT_OBJC_ISA_USAGE = YES_ERROR;
				CLANG_WARN_DOCUMENTATION_COMMENTS = YES;
				CLANG_WARN_EMPTY_BODY = YES;
				CLANG_WARN_ENUM_CONVERSION = YES;
				CLANG_WARN_INFINITE_RECURSION = YES;
				CLANG_WARN_INT_CONVERSION = YES;
				CLANG_WARN_OBJC_ROOT_CLASS = YES_ERROR;
				CLANG_WARN_SUSPICIOUS_MOVE = YES;
				CLANG_WARN_UNREACHABLE_CODE = YES;
				CLANG_WARN__DUPLICATE_METHOD_MATCH = YES;
				"CODE_SIGN_IDENTITY[sdk=iphoneos*]" = "iPhone Developer";
				COPY_PHASE_STRIP = NO;
				DEBUG_INFORMATION_FORMAT = "dwarf-with-dsym";
				ENABLE_NS_ASSERTIONS = NO;
				ENABLE_STRICT_OBJC_MSGSEND = YES;
				GCC_C_LANGUAGE_STANDARD = gnu99;
				GCC_NO_COMMON_BLOCKS = YES;
				GCC_WARN_64_TO_32_BIT_CONVERSION = YES;
				GCC_WARN_ABOUT_RETURN_TYPE = YES_ERROR;
				GCC_WARN_UNDECLARED_SELECTOR = YES;
				GCC_WARN_UNINITIALIZED_AUTOS = YES_AGGRESSIVE;
				GCC_WARN_UNUSED_FUNCTION = YES;
				GCC_WARN_UNUSED_VARIABLE = YES;
				IPHONEOS_DEPLOYMENT_TARGET = 10.3;
				MTL_ENABLE_DEBUG_INFO = NO;
				SDKROOT = iphoneos;
				SWIFT_OPTIMIZATION_LEVEL = "-Owholemodule";
				SWIFT_VERSION = "";
				VALIDATE_PRODUCT = YES;
			};
			name = Release;
		};
		6984F3C31FB658EC0062C9CA /* Debug */ = {
			isa = XCBuildConfiguration;
			baseConfigurationReference = C7F43E525A56D14ED8ECAB12 /* Pods-OramaTest.debug.xcconfig */;
			buildSettings = {
				ALWAYS_EMBED_SWIFT_STANDARD_LIBRARIES = YES;
				ASSETCATALOG_COMPILER_APPICON_NAME = AppIcon;
				DEVELOPMENT_TEAM = WKFLY4V8UQ;
				INFOPLIST_FILE = OramaTest/Info.plist;
				LD_RUNPATH_SEARCH_PATHS = "$(inherited) @executable_path/Frameworks";
				PRODUCT_BUNDLE_IDENTIFIER = br.com.teste.OramaTest;
				PRODUCT_NAME = "$(TARGET_NAME)";
				SWIFT_VERSION = 3.0;
			};
			name = Debug;
		};
		6984F3C41FB658EC0062C9CA /* Release */ = {
			isa = XCBuildConfiguration;
			baseConfigurationReference = A121BFC7883C2A70760FFE0D /* Pods-OramaTest.release.xcconfig */;
			buildSettings = {
				ALWAYS_EMBED_SWIFT_STANDARD_LIBRARIES = YES;
				ASSETCATALOG_COMPILER_APPICON_NAME = AppIcon;
				DEVELOPMENT_TEAM = WKFLY4V8UQ;
				INFOPLIST_FILE = OramaTest/Info.plist;
				LD_RUNPATH_SEARCH_PATHS = "$(inherited) @executable_path/Frameworks";
				PRODUCT_BUNDLE_IDENTIFIER = br.com.teste.OramaTest;
				PRODUCT_NAME = "$(TARGET_NAME)";
				SWIFT_VERSION = 3.0;
			};
			name = Release;
		};
		6984F3C61FB658EC0062C9CA /* Debug */ = {
			isa = XCBuildConfiguration;
			buildSettings = {
				ALWAYS_EMBED_SWIFT_STANDARD_LIBRARIES = YES;
				BUNDLE_LOADER = "$(TEST_HOST)";
				DEVELOPMENT_TEAM = WKFLY4V8UQ;
				INFOPLIST_FILE = OramaTestTests/Info.plist;
				LD_RUNPATH_SEARCH_PATHS = "$(inherited) @executable_path/Frameworks @loader_path/Frameworks";
				PRODUCT_BUNDLE_IDENTIFIER = br.com.teste.OramaTestTests;
				PRODUCT_NAME = "$(TARGET_NAME)";
				SWIFT_VERSION = 3.0;
				TEST_HOST = "$(BUILT_PRODUCTS_DIR)/OramaTest.app/OramaTest";
			};
			name = Debug;
		};
		6984F3C71FB658EC0062C9CA /* Release */ = {
			isa = XCBuildConfiguration;
			buildSettings = {
				ALWAYS_EMBED_SWIFT_STANDARD_LIBRARIES = YES;
				BUNDLE_LOADER = "$(TEST_HOST)";
				DEVELOPMENT_TEAM = WKFLY4V8UQ;
				INFOPLIST_FILE = OramaTestTests/Info.plist;
				LD_RUNPATH_SEARCH_PATHS = "$(inherited) @executable_path/Frameworks @loader_path/Frameworks";
				PRODUCT_BUNDLE_IDENTIFIER = br.com.teste.OramaTestTests;
				PRODUCT_NAME = "$(TARGET_NAME)";
				SWIFT_VERSION = 3.0;
				TEST_HOST = "$(BUILT_PRODUCTS_DIR)/OramaTest.app/OramaTest";
			};
			name = Release;
		};
		6984F3C91FB658EC0062C9CA /* Debug */ = {
			isa = XCBuildConfiguration;
			buildSettings = {
				ALWAYS_EMBED_SWIFT_STANDARD_LIBRARIES = YES;
				DEVELOPMENT_TEAM = WKFLY4V8UQ;
				INFOPLIST_FILE = OramaTestUITests/Info.plist;
				LD_RUNPATH_SEARCH_PATHS = "$(inherited) @executable_path/Frameworks @loader_path/Frameworks";
				PRODUCT_BUNDLE_IDENTIFIER = br.com.teste.OramaTestUITests;
				PRODUCT_NAME = "$(TARGET_NAME)";
				SWIFT_VERSION = 3.0;
				TEST_TARGET_NAME = OramaTest;
			};
			name = Debug;
		};
		6984F3CA1FB658EC0062C9CA /* Release */ = {
			isa = XCBuildConfiguration;
			buildSettings = {
				ALWAYS_EMBED_SWIFT_STANDARD_LIBRARIES = YES;
				DEVELOPMENT_TEAM = WKFLY4V8UQ;
				INFOPLIST_FILE = OramaTestUITests/Info.plist;
				LD_RUNPATH_SEARCH_PATHS = "$(inherited) @executable_path/Frameworks @loader_path/Frameworks";
				PRODUCT_BUNDLE_IDENTIFIER = br.com.teste.OramaTestUITests;
				PRODUCT_NAME = "$(TARGET_NAME)";
				SWIFT_VERSION = 3.0;
				TEST_TARGET_NAME = OramaTest;
			};
			name = Release;
		};
/* End XCBuildConfiguration section */

/* Begin XCConfigurationList section */
		6984F3951FB658EC0062C9CA /* Build configuration list for PBXProject "OramaTest" */ = {
			isa = XCConfigurationList;
			buildConfigurations = (
				6984F3C01FB658EC0062C9CA /* Debug */,
				6984F3C11FB658EC0062C9CA /* Release */,
			);
			defaultConfigurationIsVisible = 0;
			defaultConfigurationName = Release;
		};
		6984F3C21FB658EC0062C9CA /* Build configuration list for PBXNativeTarget "OramaTest" */ = {
			isa = XCConfigurationList;
			buildConfigurations = (
				6984F3C31FB658EC0062C9CA /* Debug */,
				6984F3C41FB658EC0062C9CA /* Release */,
			);
			defaultConfigurationIsVisible = 0;
			defaultConfigurationName = Release;
		};
		6984F3C51FB658EC0062C9CA /* Build configuration list for PBXNativeTarget "OramaTestTests" */ = {
			isa = XCConfigurationList;
			buildConfigurations = (
				6984F3C61FB658EC0062C9CA /* Debug */,
				6984F3C71FB658EC0062C9CA /* Release */,
			);
			defaultConfigurationIsVisible = 0;
			defaultConfigurationName = Release;
		};
		6984F3C81FB658EC0062C9CA /* Build configuration list for PBXNativeTarget "OramaTestUITests" */ = {
			isa = XCConfigurationList;
			buildConfigurations = (
				6984F3C91FB658EC0062C9CA /* Debug */,
				6984F3CA1FB658EC0062C9CA /* Release */,
			);
			defaultConfigurationIsVisible = 0;
			defaultConfigurationName = Release;
		};
/* End XCConfigurationList section */
	};
	rootObject = 6984F3921FB658EC0062C9CA /* Project object */;
}
